
Microsoft Visual Studio Solution File, Format Version 12.00
# Visual Studio 15
VisualStudioVersion = 15.0.28307.2017
MinimumVisualStudioVersion = 10.0.40219.1
Project("{8BC9CEB8-8B4A-11D0-8D11-00A0C91BC942}") = "ghelpers", "ghelpers.vcxproj", "{074A21A3-D8E1-4B27-B50C-AF477F8A19E6}"
EndProject
Global
	GlobalSection(SolutionConfigurationPlatforms) = preSolution
		Debug|x64 = Debug|x64
		Debug|x86 = Debug|x86
		Release|x64 = Release|x64
		Release|x86 = Release|x86
	EndGlobalSection
	GlobalSection(ProjectConfigurationPlatforms) = postSolution
		{074A21A3-D8E1-4B27-B50C-AF477F8A19E6}.Debug|x64.ActiveCfg = Debug|x64
		{074A21A3-D8E1-4B27-B50C-AF477F8A19E6}.Debug|x64.Build.0 = Debug|x64
		{074A21A3-D8E1-4B27-B50C-AF477F8A19E6}.Debug|x86.ActiveCfg = Debug|Win32
		{074A21A3-D8E1-4B27-B50C-AF477F8A19E6}.Debug|x86.Build.0 = Debug|Win32
		{074A21A3-D8E1-4B27-B50C-AF477F8A19E6}.Release|x64.ActiveCfg = Release|x64
		{074A21A3-D8E1-4B27-B50C-AF477F8A19E6}.Release|x64.Build.0 = Release|x64
		{074A21A3-D8E1-4B27-B50C-AF477F8A19E6}.Release|x86.ActiveCfg = Release|Win32
		{074A21A3-D8E1-4B27-B50C-AF477F8A19E6}.Release|x86.Build.0 = Release|Win32
	EndGlobalSection
	GlobalSection(SolutionProperties) = preSolution
		HideSolutionNode = FALSE
	EndGlobalSection
	GlobalSection(ExtensibilityGlobals) = postSolution
		SolutionGuid = {DB74FCE4-2F1E-440C-97DB-F8C56E5A4394}
	EndGlobalSection
EndGlobal
