<?xml version="1.0" encoding="utf-8"?>
<Project ToolsVersion="4.0" xmlns="http://schemas.microsoft.com/developer/msbuild/2003">
  <ItemGroup>
    <Filter Include="Source Files">
      <UniqueIdentifier>{4FC737F1-C7A5-4376-A066-2A32D752A2FF}</UniqueIdentifier>
      <Extensions>cpp;c;cc;cxx;def;odl;idl;hpj;bat;asm;asmx</Extensions>
    </Filter>
    <Filter Include="Header Files">
      <UniqueIdentifier>{93995380-89BD-4b04-88EB-625FBE52EBFB}</UniqueIdentifier>
      <Extensions>h;hh;hpp;hxx;hm;inl;inc;xsd</Extensions>
    </Filter>
    <Filter Include="Resource Files">
      <UniqueIdentifier>{67DA6AB6-F800-4c08-8B7A-83BB121AAD01}</UniqueIdentifier>
      <Extensions>rc;ico;cur;bmp;dlg;rc2;rct;bin;rgs;gif;jpg;jpeg;jpe;resx;tiff;tif;png;wav</Extensions>
    </Filter>
  </ItemGroup>
  <ItemGroup>
    <ClCompile Include="src\00_base64.c">
      <Filter>Source Files</Filter>
    </ClCompile>
    <ClCompile Include="src\00_cpu.c">
      <Filter>Source Files</Filter>
    </ClCompile>
    <ClCompile Include="src\00_http_parser.c">
      <Filter>Source Files</Filter>
    </ClCompile>
    <ClCompile Include="src\00_replace_string.c">
      <Filter>Source Files</Filter>
    </ClCompile>
    <ClCompile Include="src\00_sha1.c">
      <Filter>Source Files</Filter>
    </ClCompile>
    <ClCompile Include="src\00_utf8.c">
      <Filter>Source Files</Filter>
    </ClCompile>
    <ClCompile Include="src\00_utf8proc.c">
      <Filter>Source Files</Filter>
    </ClCompile>
    <ClCompile Include="src\01_cnv_hex.c">
      <Filter>Source Files</Filter>
    </ClCompile>
    <ClCompile Include="src\01_gstrings.c">
      <Filter>Source Files</Filter>
    </ClCompile>
    <ClCompile Include="src\01_print_error.c">
      <Filter>Source Files</Filter>
    </ClCompile>
    <ClCompile Include="src\01_reference.c">
      <Filter>Source Files</Filter>
    </ClCompile>
    <ClCompile Include="src\02_dirs.c">
      <Filter>Source Files</Filter>
    </ClCompile>
    <ClCompile Include="src\02_dl_list.c">
      <Filter>Source Files</Filter>
    </ClCompile>
    <ClCompile Include="src\02_json_buffer.c">
      <Filter>Source Files</Filter>
    </ClCompile>
    <ClCompile Include="src\02_stdout.c">
      <Filter>Source Files</Filter>
    </ClCompile>
    <ClCompile Include="src\02_time_helper.c">
      <Filter>Source Files</Filter>
    </ClCompile>
    <ClCompile Include="src\02_urls.c">
      <Filter>Source Files</Filter>
    </ClCompile>
    <ClCompile Include="src\03_json_config.c">
      <Filter>Source Files</Filter>
    </ClCompile>
    <ClCompile Include="src\03_output_udp_client.c">
      <Filter>Source Files</Filter>
    </ClCompile>
    <ClCompile Include="src\03_rotatory.c">
      <Filter>Source Files</Filter>
    </ClCompile>
    <ClCompile Include="src\10_glogger.c">
      <Filter>Source Files</Filter>
    </ClCompile>
    <ClCompile Include="src\11_gbmem.c">
      <Filter>Source Files</Filter>
    </ClCompile>
    <ClCompile Include="src\11_growbuffer.c">
      <Filter>Source Files</Filter>
    </ClCompile>
    <ClCompile Include="src\11_ip_port.c">
      <Filter>Source Files</Filter>
    </ClCompile>
    <ClCompile Include="src\11_run_command.c">
      <Filter>Source Files</Filter>
    </ClCompile>
    <ClCompile Include="src\11_time_helper2.c">
      <Filter>Source Files</Filter>
    </ClCompile>
    <ClCompile Include="src\11_ydaemon.c">
      <Filter>Source Files</Filter>
    </ClCompile>
    <ClCompile Include="src\12_circular_fifo.c">
      <Filter>Source Files</Filter>
    </ClCompile>
    <ClCompile Include="src\12_gstrings2.c">
      <Filter>Source Files</Filter>
    </ClCompile>
    <ClCompile Include="src\12_rc_list.c">
      <Filter>Source Files</Filter>
    </ClCompile>
    <ClCompile Include="src\12_urls2.c">
      <Filter>Source Files</Filter>
    </ClCompile>
    <ClCompile Include="src\12_walkdir.c">
      <Filter>Source Files</Filter>
    </ClCompile>
    <ClCompile Include="src\13_json_helper.c">
      <Filter>Source Files</Filter>
    </ClCompile>
    <ClCompile Include="src\14_kw.c">
      <Filter>Source Files</Filter>
    </ClCompile>
    <ClCompile Include="src\15_webix_helper.c">
      <Filter>Source Files</Filter>
    </ClCompile>
    <ClCompile Include="src\20_gbuffer.c">
      <Filter>Source Files</Filter>
    </ClCompile>
    <ClCompile Include="src\20_stats.c">
      <Filter>Source Files</Filter>
    </ClCompile>
    <ClCompile Include="src\20_stats_rd.c">
      <Filter>Source Files</Filter>
    </ClCompile>
    <ClCompile Include="src\20_stats_wr.c">
      <Filter>Source Files</Filter>
    </ClCompile>
    <ClCompile Include="src\21_json_xml.c">
      <Filter>Source Files</Filter>
    </ClCompile>
    <ClCompile Include="src\21_termbox.c">
      <Filter>Source Files</Filter>
    </ClCompile>
    <ClCompile Include="src\30_timeranger.c">
      <Filter>Source Files</Filter>
    </ClCompile>
    <ClCompile Include="src\31_tr_msg.c">
      <Filter>Source Files</Filter>
    </ClCompile>
    <ClCompile Include="src\31_tr_msg2db.c">
      <Filter>Source Files</Filter>
    </ClCompile>
    <ClCompile Include="src\31_tr_queue.c">
      <Filter>Source Files</Filter>
    </ClCompile>
    <ClCompile Include="src\31_tr_treedb.c">
      <Filter>Source Files</Filter>
    </ClCompile>
    <ClCompile Include="src\ghelpers.c">
      <Filter>Source Files</Filter>
    </ClCompile>
  </ItemGroup>
  <ItemGroup>
    <ClInclude Include="src\00_ansi_escape_codes.h">
      <Filter>Header Files</Filter>
    </ClInclude>
    <ClInclude Include="src\00_asn1_snmp.h">
      <Filter>Header Files</Filter>
    </ClInclude>
    <ClInclude Include="src\00_base64.h">
      <Filter>Header Files</Filter>
    </ClInclude>
    <ClInclude Include="src\00_cpu.h">
      <Filter>Header Files</Filter>
    </ClInclude>
    <ClInclude Include="src\00_dtypes.h">
      <Filter>Header Files</Filter>
    </ClInclude>
    <ClInclude Include="src\00_gtypes.h">
      <Filter>Header Files</Filter>
    </ClInclude>
    <ClInclude Include="src\00_http_parser.h">
      <Filter>Header Files</Filter>
    </ClInclude>
    <ClInclude Include="src\00_platform.h">
      <Filter>Header Files</Filter>
    </ClInclude>
    <ClInclude Include="src\00_replace_string.h">
      <Filter>Header Files</Filter>
    </ClInclude>
    <ClInclude Include="src\00_security.h">
      <Filter>Header Files</Filter>
    </ClInclude>
    <ClInclude Include="src\00_sha1.h">
      <Filter>Header Files</Filter>
    </ClInclude>
    <ClInclude Include="src\00_utf8.h">
      <Filter>Header Files</Filter>
    </ClInclude>
    <ClInclude Include="src\00_utf8proc.h">
      <Filter>Header Files</Filter>
    </ClInclude>
    <ClInclude Include="src\01_cnv_hex.h">
      <Filter>Header Files</Filter>
    </ClInclude>
    <ClInclude Include="src\01_gstrings.h">
      <Filter>Header Files</Filter>
    </ClInclude>
    <ClInclude Include="src\01_print_error.h">
      <Filter>Header Files</Filter>
    </ClInclude>
    <ClInclude Include="src\01_reference.h">
      <Filter>Header Files</Filter>
    </ClInclude>
    <ClInclude Include="src\02_dirs.h">
      <Filter>Header Files</Filter>
    </ClInclude>
    <ClInclude Include="src\02_dl_list.h">
      <Filter>Header Files</Filter>
    </ClInclude>
    <ClInclude Include="src\02_json_buffer.h">
      <Filter>Header Files</Filter>
    </ClInclude>
    <ClInclude Include="src\02_stdout.h">
      <Filter>Header Files</Filter>
    </ClInclude>
    <ClInclude Include="src\02_time_helper.h">
      <Filter>Header Files</Filter>
    </ClInclude>
    <ClInclude Include="src\02_urls.h">
      <Filter>Header Files</Filter>
    </ClInclude>
    <ClInclude Include="src\03_json_config.h">
      <Filter>Header Files</Filter>
    </ClInclude>
    <ClInclude Include="src\03_output_udp_client.h">
      <Filter>Header Files</Filter>
    </ClInclude>
    <ClInclude Include="src\03_rotatory.h">
      <Filter>Header Files</Filter>
    </ClInclude>
    <ClInclude Include="src\10_glogger.h">
      <Filter>Header Files</Filter>
    </ClInclude>
    <ClInclude Include="src\11_gbmem.h">
      <Filter>Header Files</Filter>
    </ClInclude>
    <ClInclude Include="src\11_growbuffer.h">
      <Filter>Header Files</Filter>
    </ClInclude>
    <ClInclude Include="src\11_ip_port.h">
      <Filter>Header Files</Filter>
    </ClInclude>
    <ClInclude Include="src\11_run_command.h">
      <Filter>Header Files</Filter>
    </ClInclude>
    <ClInclude Include="src\11_time_helper2.h">
      <Filter>Header Files</Filter>
    </ClInclude>
    <ClInclude Include="src\11_ydaemon.h">
      <Filter>Header Files</Filter>
    </ClInclude>
    <ClInclude Include="src\12_circular_fifo.h">
      <Filter>Header Files</Filter>
    </ClInclude>
    <ClInclude Include="src\12_gstrings2.h">
      <Filter>Header Files</Filter>
    </ClInclude>
    <ClInclude Include="src\12_rc_list.h">
      <Filter>Header Files</Filter>
    </ClInclude>
    <ClInclude Include="src\12_urls2.h">
      <Filter>Header Files</Filter>
    </ClInclude>
    <ClInclude Include="src\12_walkdir.h">
      <Filter>Header Files</Filter>
    </ClInclude>
    <ClInclude Include="src\13_json_helper.h">
      <Filter>Header Files</Filter>
    </ClInclude>
    <ClInclude Include="src\14_kw.h">
      <Filter>Header Files</Filter>
    </ClInclude>
    <ClInclude Include="src\15_webix_helper.h">
      <Filter>Header Files</Filter>
    </ClInclude>
    <ClInclude Include="src\20_gbuffer.h">
      <Filter>Header Files</Filter>
    </ClInclude>
    <ClInclude Include="src\20_stats.h">
      <Filter>Header Files</Filter>
    </ClInclude>
    <ClInclude Include="src\20_stats_rd.h">
      <Filter>Header Files</Filter>
    </ClInclude>
    <ClInclude Include="src\20_stats_wr.h">
      <Filter>Header Files</Filter>
    </ClInclude>
    <ClInclude Include="src\21_json_xml.h">
      <Filter>Header Files</Filter>
    </ClInclude>
    <ClInclude Include="src\21_termbox.h">
      <Filter>Header Files</Filter>
    </ClInclude>
    <ClInclude Include="src\30_timeranger.h">
      <Filter>Header Files</Filter>
    </ClInclude>
    <ClInclude Include="src\31_tr_msg.h">
      <Filter>Header Files</Filter>
    </ClInclude>
    <ClInclude Include="src\31_tr_msg2db.h">
      <Filter>Header Files</Filter>
    </ClInclude>
    <ClInclude Include="src\31_tr_queue.h">
      <Filter>Header Files</Filter>
    </ClInclude>
    <ClInclude Include="src\31_tr_treedb.h">
      <Filter>Header Files</Filter>
    </ClInclude>
    <ClInclude Include="src\ghelpers.h">
      <Filter>Header Files</Filter>
    </ClInclude>
  </ItemGroup>
</Project>